// !$*UTF8*$!
{
	archiveVersion = 1;
	classes = {
	};
	objectVersion = 48;
	objects = {

/* Begin PBXBuildFile section */
		2D8192F0205123910051A29F /* AppDelegate.m in Sources */ = {isa = PBXBuildFile; fileRef = 2D8192EF205123910051A29F /* AppDelegate.m */; };
		2D8192F3205123910051A29F /* ViewController.m in Sources */ = {isa = PBXBuildFile; fileRef = 2D8192F2205123910051A29F /* ViewController.m */; };
		2D8192F6205123910051A29F /* Main.storyboard in Resources */ = {isa = PBXBuildFile; fileRef = 2D8192F4205123910051A29F /* Main.storyboard */; };
		2D8192F8205123910051A29F /* Assets.xcassets in Resources */ = {isa = PBXBuildFile; fileRef = 2D8192F7205123910051A29F /* Assets.xcassets */; };
		2D8192FB205123910051A29F /* LaunchScreen.storyboard in Resources */ = {isa = PBXBuildFile; fileRef = 2D8192F9205123910051A29F /* LaunchScreen.storyboard */; };
		2D8192FE205123910051A29F /* main.m in Sources */ = {isa = PBXBuildFile; fileRef = 2D8192FD205123910051A29F /* main.m */; };
		2D819308205123910051A29F /* MarvelTests.m in Sources */ = {isa = PBXBuildFile; fileRef = 2D819307205123910051A29F /* MarvelTests.m */; };
		2D819313205123910051A29F /* MarvelUITests.m in Sources */ = {isa = PBXBuildFile; fileRef = 2D819312205123910051A29F /* MarvelUITests.m */; };
/* End PBXBuildFile section */

/* Begin PBXContainerItemProxy section */
		2D819304205123910051A29F /* PBXContainerItemProxy */ = {
			isa = PBXContainerItemProxy;
			containerPortal = 2D8192E3205123910051A29F /* Project object */;
			proxyType = 1;
			remoteGlobalIDString = 2D8192EA205123910051A29F;
			remoteInfo = Marvel;
		};
		2D81930F205123910051A29F /* PBXContainerItemProxy */ = {
			isa = PBXContainerItemProxy;
			containerPortal = 2D8192E3205123910051A29F /* Project object */;
			proxyType = 1;
			remoteGlobalIDString = 2D8192EA205123910051A29F;
			remoteInfo = Marvel;
		};
/* End PBXContainerItemProxy section */

/* Begin PBXFileReference section */
		2D8192EB205123910051A29F /* Marvel.app */ = {isa = PBXFileReference; explicitFileType = wrapper.application; includeInIndex = 0; path = Marvel.app; sourceTree = BUILT_PRODUCTS_DIR; };
		2D8192EE205123910051A29F /* AppDelegate.h */ = {isa = PBXFileReference; lastKnownFileType = sourcecode.c.h; path = AppDelegate.h; sourceTree = "<group>"; };
		2D8192EF205123910051A29F /* AppDelegate.m */ = {isa = PBXFileReference; lastKnownFileType = sourcecode.c.objc; path = AppDelegate.m; sourceTree = "<group>"; };
		2D8192F1205123910051A29F /* ViewController.h */ = {isa = PBXFileReference; lastKnownFileType = sourcecode.c.h; path = ViewController.h; sourceTree = "<group>"; };
		2D8192F2205123910051A29F /* ViewController.m */ = {isa = PBXFileReference; lastKnownFileType = sourcecode.c.objc; path = ViewController.m; sourceTree = "<group>"; };
		2D8192F5205123910051A29F /* Base */ = {isa = PBXFileReference; lastKnownFileType = file.storyboard; name = Base; path = Base.lproj/Main.storyboard; sourceTree = "<group>"; };
		2D8192F7205123910051A29F /* Assets.xcassets */ = {isa = PBXFileReference; lastKnownFileType = folder.assetcatalog; path = Assets.xcassets; sourceTree = "<group>"; };
		2D8192FA205123910051A29F /* Base */ = {isa = PBXFileReference; lastKnownFileType = file.storyboard; name = Base; path = Base.lproj/LaunchScreen.storyboard; sourceTree = "<group>"; };
		2D8192FC205123910051A29F /* Info.plist */ = {isa = PBXFileReference; lastKnownFileType = text.plist.xml; path = Info.plist; sourceTree = "<group>"; };
		2D8192FD205123910051A29F /* main.m */ = {isa = PBXFileReference; lastKnownFileType = sourcecode.c.objc; path = main.m; sourceTree = "<group>"; };
		2D819303205123910051A29F /* MarvelTests.xctest */ = {isa = PBXFileReference; explicitFileType = wrapper.cfbundle; includeInIndex = 0; path = MarvelTests.xctest; sourceTree = BUILT_PRODUCTS_DIR; };
		2D819307205123910051A29F /* MarvelTests.m */ = {isa = PBXFileReference; lastKnownFileType = sourcecode.c.objc; path = MarvelTests.m; sourceTree = "<group>"; };
		2D819309205123910051A29F /* Info.plist */ = {isa = PBXFileReference; lastKnownFileType = text.plist.xml; path = Info.plist; sourceTree = "<group>"; };
		2D81930E205123910051A29F /* MarvelUITests.xctest */ = {isa = PBXFileReference; explicitFileType = wrapper.cfbundle; includeInIndex = 0; path = MarvelUITests.xctest; sourceTree = BUILT_PRODUCTS_DIR; };
		2D819312205123910051A29F /* MarvelUITests.m */ = {isa = PBXFileReference; lastKnownFileType = sourcecode.c.objc; path = MarvelUITests.m; sourceTree = "<group>"; };
		2D819314205123910051A29F /* Info.plist */ = {isa = PBXFileReference; lastKnownFileType = text.plist.xml; path = Info.plist; sourceTree = "<group>"; };
/* End PBXFileReference section */

/* Begin PBXFrameworksBuildPhase section */
		2D8192E8205123910051A29F /* Frameworks */ = {
			isa = PBXFrameworksBuildPhase;
			buildActionMask = 2147483647;
			files = (
			);
			runOnlyForDeploymentPostprocessing = 0;
		};
		2D819300205123910051A29F /* Frameworks */ = {
			isa = PBXFrameworksBuildPhase;
			buildActionMask = 2147483647;
			files = (
			);
			runOnlyForDeploymentPostprocessing = 0;
		};
		2D81930B205123910051A29F /* Frameworks */ = {
			isa = PBXFrameworksBuildPhase;
			buildActionMask = 2147483647;
			files = (
			);
			runOnlyForDeploymentPostprocessing = 0;
		};
/* End PBXFrameworksBuildPhase section */

/* Begin PBXGroup section */
		2D8192E2205123910051A29F = {
			isa = PBXGroup;
			children = (
				2D8192ED205123910051A29F /* Marvel */,
				2D819306205123910051A29F /* MarvelTests */,
				2D819311205123910051A29F /* MarvelUITests */,
				2D8192EC205123910051A29F /* Products */,
			);
			sourceTree = "<group>";
		};
		2D8192EC205123910051A29F /* Products */ = {
			isa = PBXGroup;
			children = (
				2D8192EB205123910051A29F /* Marvel.app */,
				2D819303205123910051A29F /* MarvelTests.xctest */,
				2D81930E205123910051A29F /* MarvelUITests.xctest */,
			);
			name = Products;
			sourceTree = "<group>";
		};
		2D8192ED205123910051A29F /* Marvel */ = {
			isa = PBXGroup;
			children = (
				2D8192EE205123910051A29F /* AppDelegate.h */,
				2D8192EF205123910051A29F /* AppDelegate.m */,
				2D8192F1205123910051A29F /* ViewController.h */,
				2D8192F2205123910051A29F /* ViewController.m */,
				2D8192F4205123910051A29F /* Main.storyboard */,
				2D8192F7205123910051A29F /* Assets.xcassets */,
				2D8192F9205123910051A29F /* LaunchScreen.storyboard */,
				2D8192FC205123910051A29F /* Info.plist */,
				2D8192FD205123910051A29F /* main.m */,
			);
			path = Marvel;
			sourceTree = "<group>";
		};
		2D819306205123910051A29F /* MarvelTests */ = {
			isa = PBXGroup;
			children = (
				2D819307205123910051A29F /* MarvelTests.m */,
				2D819309205123910051A29F /* Info.plist */,
			);
			path = MarvelTests;
			sourceTree = "<group>";
		};
		2D819311205123910051A29F /* MarvelUITests */ = {
			isa = PBXGroup;
			children = (
				2D819312205123910051A29F /* MarvelUITests.m */,
				2D819314205123910051A29F /* Info.plist */,
			);
			path = MarvelUITests;
			sourceTree = "<group>";
		};
/* End PBXGroup section */

/* Begin PBXNativeTarget section */
		2D8192EA205123910051A29F /* Marvel */ = {
			isa = PBXNativeTarget;
			buildConfigurationList = 2D819317205123910051A29F /* Build configuration list for PBXNativeTarget "Marvel" */;
			buildPhases = (
				2D8192E7205123910051A29F /* Sources */,
				2D8192E8205123910051A29F /* Frameworks */,
				2D8192E9205123910051A29F /* Resources */,
			);
			buildRules = (
			);
			dependencies = (
			);
			name = Marvel;
			productName = Marvel;
			productReference = 2D8192EB205123910051A29F /* Marvel.app */;
			productType = "com.apple.product-type.application";
		};
		2D819302205123910051A29F /* MarvelTests */ = {
			isa = PBXNativeTarget;
			buildConfigurationList = 2D81931A205123910051A29F /* Build configuration list for PBXNativeTarget "MarvelTests" */;
			buildPhases = (
				2D8192FF205123910051A29F /* Sources */,
				2D819300205123910051A29F /* Frameworks */,
				2D819301205123910051A29F /* Resources */,
			);
			buildRules = (
			);
			dependencies = (
				2D819305205123910051A29F /* PBXTargetDependency */,
			);
			name = MarvelTests;
			productName = MarvelTests;
			productReference = 2D819303205123910051A29F /* MarvelTests.xctest */;
			productType = "com.apple.product-type.bundle.unit-test";
		};
		2D81930D205123910051A29F /* MarvelUITests */ = {
			isa = PBXNativeTarget;
			buildConfigurationList = 2D81931D205123910051A29F /* Build configuration list for PBXNativeTarget "MarvelUITests" */;
			buildPhases = (
				2D81930A205123910051A29F /* Sources */,
				2D81930B205123910051A29F /* Frameworks */,
				2D81930C205123910051A29F /* Resources */,
			);
			buildRules = (
			);
			dependencies = (
				2D819310205123910051A29F /* PBXTargetDependency */,
			);
			name = MarvelUITests;
			productName = MarvelUITests;
			productReference = 2D81930E205123910051A29F /* MarvelUITests.xctest */;
			productType = "com.apple.product-type.bundle.ui-testing";
		};
/* End PBXNativeTarget section */

/* Begin PBXProject section */
		2D8192E3205123910051A29F /* Project object */ = {
			isa = PBXProject;
			attributes = {
				LastUpgradeCheck = 0920;
				ORGANIZATIONNAME = BiaoShu;
				TargetAttributes = {
					2D8192EA205123910051A29F = {
						CreatedOnToolsVersion = 9.2;
						ProvisioningStyle = Automatic;
					};
					2D819302205123910051A29F = {
						CreatedOnToolsVersion = 9.2;
						ProvisioningStyle = Automatic;
						TestTargetID = 2D8192EA205123910051A29F;
					};
					2D81930D205123910051A29F = {
						CreatedOnToolsVersion = 9.2;
						ProvisioningStyle = Automatic;
						TestTargetID = 2D8192EA205123910051A29F;
					};
				};
			};
			buildConfigurationList = 2D8192E6205123910051A29F /* Build configuration list for PBXProject "Marvel" */;
			compatibilityVersion = "Xcode 8.0";
			developmentRegion = en;
			hasScannedForEncodings = 0;
			knownRegions = (
				en,
				Base,
			);
			mainGroup = 2D8192E2205123910051A29F;
			productRefGroup = 2D8192EC205123910051A29F /* Products */;
			projectDirPath = "";
			projectRoot = "";
			targets = (
				2D8192EA205123910051A29F /* Marvel */,
				2D819302205123910051A29F /* MarvelTests */,
				2D81930D205123910051A29F /* MarvelUITests */,
			);
		};
/* End PBXProject section */

/* Begin PBXResourcesBuildPhase section */
		2D8192E9205123910051A29F /* Resources */ = {
			isa = PBXResourcesBuildPhase;
			buildActionMask = 2147483647;
			files = (
				2D8192FB205123910051A29F /* LaunchScreen.storyboard in Resources */,
				2D8192F8205123910051A29F /* Assets.xcassets in Resources */,
				2D8192F6205123910051A29F /* Main.storyboard in Resources */,
			);
			runOnlyForDeploymentPostprocessing = 0;
		};
		2D819301205123910051A29F /* Resources */ = {
			isa = PBXResourcesBuildPhase;
			buildActionMask = 2147483647;
			files = (
			);
			runOnlyForDeploymentPostprocessing = 0;
		};
		2D81930C205123910051A29F /* Resources */ = {
			isa = PBXResourcesBuildPhase;
			buildActionMask = 2147483647;
			files = (
			);
			runOnlyForDeploymentPostprocessing = 0;
		};
/* End PBXResourcesBuildPhase section */

/* Begin PBXSourcesBuildPhase section */
		2D8192E7205123910051A29F /* Sources */ = {
			isa = PBXSourcesBuildPhase;
			buildActionMask = 2147483647;
			files = (
				2D8192F3205123910051A29F /* ViewController.m in Sources */,
				2D8192FE205123910051A29F /* main.m in Sources */,
				2D8192F0205123910051A29F /* AppDelegate.m in Sources */,
			);
			runOnlyForDeploymentPostprocessing = 0;
		};
		2D8192FF205123910051A29F /* Sources */ = {
			isa = PBXSourcesBuildPhase;
			buildActionMask = 2147483647;
			files = (
				2D819308205123910051A29F /* MarvelTests.m in Sources */,
			);
			runOnlyForDeploymentPostprocessing = 0;
		};
		2D81930A205123910051A29F /* Sources */ = {
			isa = PBXSourcesBuildPhase;
			buildActionMask = 2147483647;
			files = (
				2D819313205123910051A29F /* MarvelUITests.m in Sources */,
			);
			runOnlyForDeploymentPostprocessing = 0;
		};
/* End PBXSourcesBuildPhase section */

/* Begin PBXTargetDependency section */
		2D819305205123910051A29F /* PBXTargetDependency */ = {
			isa = PBXTargetDependency;
			target = 2D8192EA205123910051A29F /* Marvel */;
			targetProxy = 2D819304205123910051A29F /* PBXContainerItemProxy */;
		};
		2D819310205123910051A29F /* PBXTargetDependency */ = {
			isa = PBXTargetDependency;
			target = 2D8192EA205123910051A29F /* Marvel */;
			targetProxy = 2D81930F205123910051A29F /* PBXContainerItemProxy */;
		};
/* End PBXTargetDependency section */

/* Begin PBXVariantGroup section */
		2D8192F4205123910051A29F /* Main.storyboard */ = {
			isa = PBXVariantGroup;
			children = (
				2D8192F5205123910051A29F /* Base */,
			);
			name = Main.storyboard;
			sourceTree = "<group>";
		};
		2D8192F9205123910051A29F /* LaunchScreen.storyboard */ = {
			isa = PBXVariantGroup;
			children = (
				2D8192FA205123910051A29F /* Base */,
			);
			name = LaunchScreen.storyboard;
			sourceTree = "<group>";
		};
/* End PBXVariantGroup section */

/* Begin XCBuildConfiguration section */
		2D819315205123910051A29F /* Debug */ = {
			isa = XCBuildConfiguration;
			buildSettings = {
				ALWAYS_SEARCH_USER_PATHS = NO;
				CLANG_ANALYZER_NONNULL = YES;
				CLANG_ANALYZER_NUMBER_OBJECT_CONVERSION = YES_AGGRESSIVE;
				CLANG_CXX_LANGUAGE_STANDARD = "gnu++14";
				CLANG_CXX_LIBRARY = "libc++";
				CLANG_ENABLE_MODULES = YES;
				CLANG_ENABLE_OBJC_ARC = YES;
				CLANG_WARN_BLOCK_CAPTURE_AUTORELEASING = YES;
				CLANG_WARN_BOOL_CONVERSION = YES;
				CLANG_WARN_COMMA = YES;
				CLANG_WARN_CONSTANT_CONVERSION = YES;
				CLANG_WARN_DIRECT_OBJC_ISA_USAGE = YES_ERROR;
				CLANG_WARN_DOCUMENTATION_COMMENTS = YES;
				CLANG_WARN_EMPTY_BODY = YES;
				CLANG_WARN_ENUM_CONVERSION = YES;
				CLANG_WARN_INFINITE_RECURSION = YES;
				CLANG_WARN_INT_CONVERSION = YES;
				CLANG_WARN_NON_LITERAL_NULL_CONVERSION = YES;
				CLANG_WARN_OBJC_LITERAL_CONVERSION = YES;
				CLANG_WARN_OBJC_ROOT_CLASS = YES_ERROR;
				CLANG_WARN_RANGE_LOOP_ANALYSIS = YES;
				CLANG_WARN_STRICT_PROTOTYPES = YES;
				CLANG_WARN_SUSPICIOUS_MOVE = YES;
				CLANG_WARN_UNGUARDED_AVAILABILITY = YES_AGGRESSIVE;
				CLANG_WARN_UNREACHABLE_CODE = YES;
				CLANG_WARN__DUPLICATE_METHOD_MATCH = YES;
				CODE_SIGN_IDENTITY = "iPhone Developer";
				COPY_PHASE_STRIP = NO;
				DEBUG_INFORMATION_FORMAT = dwarf;
				ENABLE_STRICT_OBJC_MSGSEND = YES;
				ENABLE_TESTABILITY = YES;
				GCC_C_LANGUAGE_STANDARD = gnu11;
				GCC_DYNAMIC_NO_PIC = NO;
				GCC_NO_COMMON_BLOCKS = YES;
				GCC_OPTIMIZATION_LEVEL = 0;
				GCC_PREPROCESSOR_DEFINITIONS = (
					"DEBUG=1",
					"$(inherited)",
				);
				GCC_WARN_64_TO_32_BIT_CONVERSION = YES;
				GCC_WARN_ABOUT_RETURN_TYPE = YES_ERROR;
				GCC_WARN_UNDECLARED_SELECTOR = YES;
				GCC_WARN_UNINITIALIZED_AUTOS = YES_AGGRESSIVE;
				GCC_WARN_UNUSED_FUNCTION = YES;
				GCC_WARN_UNUSED_VARIABLE = YES;
				IPHONEOS_DEPLOYMENT_TARGET = 11.2;
				MTL_ENABLE_DEBUG_INFO = YES;
				ONLY_ACTIVE_ARCH = YES;
				SDKROOT = iphoneos;
			};
			name = Debug;
		};
		2D819316205123910051A29F /* Release */ = {
			isa = XCBuildConfiguration;
			buildSettings = {
				ALWAYS_SEARCH_USER_PATHS = NO;
				CLANG_ANALYZER_NONNULL = YES;
				CLANG_ANALYZER_NUMBER_OBJECT_CONVERSION = YES_AGGRESSIVE;
				CLANG_CXX_LANGUAGE_STANDARD = "gnu++14";
				CLANG_CXX_LIBRARY = "libc++";
				CLANG_ENABLE_MODULES = YES;
				CLANG_ENABLE_OBJC_ARC = YES;
				CLANG_WARN_BLOCK_CAPTURE_AUTORELEASING = YES;
				CLANG_WARN_BOOL_CONVERSION = YES;
				CLANG_WARN_COMMA = YES;
				CLANG_WARN_CONSTANT_CONVERSION = YES;
				CLANG_WARN_DIRECT_OBJC_ISA_USAGE = YES_ERROR;
				CLANG_WARN_DOCUMENTATION_COMMENTS = YES;
				CLANG_WARN_EMPTY_BODY = YES;
				CLANG_WARN_ENUM_CONVERSION = YES;
				CLANG_WARN_INFINITE_RECURSION = YES;
				CLANG_WARN_INT_CONVERSION = YES;
				CLANG_WARN_NON_LITERAL_NULL_CONVERSION = YES;
				CLANG_WARN_OBJC_LITERAL_CONVERSION = YES;
				CLANG_WARN_OBJC_ROOT_CLASS = YES_ERROR;
				CLANG_WARN_RANGE_LOOP_ANALYSIS = YES;
				CLANG_WARN_STRICT_PROTOTYPES = YES;
				CLANG_WARN_SUSPICIOUS_MOVE = YES;
				CLANG_WARN_UNGUARDED_AVAILABILITY = YES_AGGRESSIVE;
				CLANG_WARN_UNREACHABLE_CODE = YES;
				CLANG_WARN__DUPLICATE_METHOD_MATCH = YES;
				CODE_SIGN_IDENTITY = "iPhone Developer";
				COPY_PHASE_STRIP = NO;
				DEBUG_INFORMATION_FORMAT = "dwarf-with-dsym";
				ENABLE_NS_ASSERTIONS = NO;
				ENABLE_STRICT_OBJC_MSGSEND = YES;
				GCC_C_LANGUAGE_STANDARD = gnu11;
				GCC_NO_COMMON_BLOCKS = YES;
				GCC_WARN_64_TO_32_BIT_CONVERSION = YES;
				GCC_WARN_ABOUT_RETURN_TYPE = YES_ERROR;
				GCC_WARN_UNDECLARED_SELECTOR = YES;
				GCC_WARN_UNINITIALIZED_AUTOS = YES_AGGRESSIVE;
				GCC_WARN_UNUSED_FUNCTION = YES;
				GCC_WARN_UNUSED_VARIABLE = YES;
				IPHONEOS_DEPLOYMENT_TARGET = 11.2;
				MTL_ENABLE_DEBUG_INFO = NO;
				SDKROOT = iphoneos;
				VALIDATE_PRODUCT = YES;
			};
			name = Release;
		};
		2D819318205123910051A29F /* Debug */ = {
			isa = XCBuildConfiguration;
			buildSettings = {
				ASSETCATALOG_COMPILER_APPICON_NAME = AppIcon;
				CODE_SIGN_STYLE = Automatic;
				DEVELOPMENT_TEAM = 75S75N25GH;
				INFOPLIST_FILE = Marvel/Info.plist;
				LD_RUNPATH_SEARCH_PATHS = "$(inherited) @executable_path/Frameworks";
				PRODUCT_BUNDLE_IDENTIFIER = com.Company.Marvel;
				PRODUCT_NAME = "$(TARGET_NAME)";
				TARGETED_DEVICE_FAMILY = "1,2";
			};
			name = Debug;
		};
		2D819319205123910051A29F /* Release */ = {
			isa = XCBuildConfiguration;
			buildSettings = {
				ASSETCATALOG_COMPILER_APPICON_NAME = AppIcon;
				CODE_SIGN_STYLE = Automatic;
				DEVELOPMENT_TEAM = 75S75N25GH;
				INFOPLIST_FILE = Marvel/Info.plist;
				LD_RUNPATH_SEARCH_PATHS = "$(inherited) @executable_path/Frameworks";
				PRODUCT_BUNDLE_IDENTIFIER = com.Company.Marvel;
				PRODUCT_NAME = "$(TARGET_NAME)";
				TARGETED_DEVICE_FAMILY = "1,2";
			};
			name = Release;
		};
		2D81931B205123910051A29F /* Debug */ = {
			isa = XCBuildConfiguration;
			buildSettings = {
				BUNDLE_LOADER = "$(TEST_HOST)";
				CODE_SIGN_STYLE = Automatic;
				DEVELOPMENT_TEAM = 75S75N25GH;
				INFOPLIST_FILE = MarvelTests/Info.plist;
				LD_RUNPATH_SEARCH_PATHS = "$(inherited) @executable_path/Frameworks @loader_path/Frameworks";
				PRODUCT_BUNDLE_IDENTIFIER = com.Company.MarvelTests;
				PRODUCT_NAME = "$(TARGET_NAME)";
				TARGETED_DEVICE_FAMILY = "1,2";
				TEST_HOST = "$(BUILT_PRODUCTS_DIR)/Marvel.app/Marvel";
			};
			name = Debug;
		};
		2D81931C205123910051A29F /* Release */ = {
			isa = XCBuildConfiguration;
			buildSettings = {
				BUNDLE_LOADER = "$(TEST_HOST)";
				CODE_SIGN_STYLE = Automatic;
				DEVELOPMENT_TEAM = 75S75N25GH;
				INFOPLIST_FILE = MarvelTests/Info.plist;
				LD_RUNPATH_SEARCH_PATHS = "$(inherited) @executable_path/Frameworks @loader_path/Frameworks";
				PRODUCT_BUNDLE_IDENTIFIER = com.Company.MarvelTests;
				PRODUCT_NAME = "$(TARGET_NAME)";
				TARGETED_DEVICE_FAMILY = "1,2";
				TEST_HOST = "$(BUILT_PRODUCTS_DIR)/Marvel.app/Marvel";
			};
			name = Release;
		};
		2D81931E205123910051A29F /* Debug */ = {
			isa = XCBuildConfiguration;
			buildSettings = {
				CODE_SIGN_STYLE = Automatic;
				DEVELOPMENT_TEAM = 75S75N25GH;
				INFOPLIST_FILE = MarvelUITests/Info.plist;
				LD_RUNPATH_SEARCH_PATHS = "$(inherited) @executable_path/Frameworks @loader_path/Frameworks";
				PRODUCT_BUNDLE_IDENTIFIER = com.Company.MarvelUITests;
				PRODUCT_NAME = "$(TARGET_NAME)";
				TARGETED_DEVICE_FAMILY = "1,2";
				TEST_TARGET_NAME = Marvel;
			};
			name = Debug;
		};
		2D81931F205123910051A29F /* Release */ = {
			isa = XCBuildConfiguration;
			buildSettings = {
				CODE_SIGN_STYLE = Automatic;
				DEVELOPMENT_TEAM = 75S75N25GH;
				INFOPLIST_FILE = MarvelUITests/Info.plist;
				LD_RUNPATH_SEARCH_PATHS = "$(inherited) @executable_path/Frameworks @loader_path/Frameworks";
				PRODUCT_BUNDLE_IDENTIFIER = com.Company.MarvelUITests;
				PRODUCT_NAME = "$(TARGET_NAME)";
				TARGETED_DEVICE_FAMILY = "1,2";
				TEST_TARGET_NAME = Marvel;
			};
			name = Release;
		};
/* End XCBuildConfiguration section */

/* Begin XCConfigurationList section */
		2D8192E6205123910051A29F /* Build configuration list for PBXProject "Marvel" */ = {
			isa = XCConfigurationList;
			buildConfigurations = (
				2D819315205123910051A29F /* Debug */,
				2D819316205123910051A29F /* Release */,
			);
			defaultConfigurationIsVisible = 0;
			defaultConfigurationName = Release;
		};
		2D819317205123910051A29F /* Build configuration list for PBXNativeTarget "Marvel" */ = {
			isa = XCConfigurationList;
			buildConfigurations = (
				2D819318205123910051A29F /* Debug */,
				2D819319205123910051A29F /* Release */,
			);
			defaultConfigurationIsVisible = 0;
			defaultConfigurationName = Release;
		};
		2D81931A205123910051A29F /* Build configuration list for PBXNativeTarget "MarvelTests" */ = {
			isa = XCConfigurationList;
			buildConfigurations = (
				2D81931B205123910051A29F /* Debug */,
				2D81931C205123910051A29F /* Release */,
			);
			defaultConfigurationIsVisible = 0;
			defaultConfigurationName = Release;
		};
		2D81931D205123910051A29F /* Build configuration list for PBXNativeTarget "MarvelUITests" */ = {
			isa = XCConfigurationList;
			buildConfigurations = (
				2D81931E205123910051A29F /* Debug */,
				2D81931F205123910051A29F /* Release */,
			);
			defaultConfigurationIsVisible = 0;
			defaultConfigurationName = Release;
		};
/* End XCConfigurationList section */
	};
	rootObject = 2D8192E3205123910051A29F /* Project object */;
}
